// !$*UTF8*$!
{
	archiveVersion = 1;
	classes = {
	};
	objectVersion = 56;
	objects = {

/* Begin PBXBuildFile section */
		E481F9372A54769A00DC985A /* man.mp4 in Resources */ = {isa = PBXBuildFile; fileRef = E481F9332A54768D00DC985A /* man.mp4 */; };
		E481F9382A54769A00DC985A /* biceps.mp4 in Resources */ = {isa = PBXBuildFile; fileRef = E481F9342A54769300DC985A /* biceps.mp4 */; };
		E481F9392A54769A00DC985A /* girl.mp4 in Resources */ = {isa = PBXBuildFile; fileRef = E481F9352A54769600DC985A /* girl.mp4 */; };
		E481F93A2A54769A00DC985A /* twoBoys.mp4 in Resources */ = {isa = PBXBuildFile; fileRef = E481F9362A54769A00DC985A /* twoBoys.mp4 */; };
		E481F93D2A547F1900DC985A /* HeaderView.swift in Sources */ = {isa = PBXBuildFile; fileRef = E481F93C2A547F1900DC985A /* HeaderView.swift */; };
		E48701442A5402420008014F /* FitnessMeApp.swift in Sources */ = {isa = PBXBuildFile; fileRef = E48701432A5402420008014F /* FitnessMeApp.swift */; };
		E48701462A5402420008014F /* ContentView.swift in Sources */ = {isa = PBXBuildFile; fileRef = E48701452A5402420008014F /* ContentView.swift */; };
		E48701482A5402430008014F /* Assets.xcassets in Resources */ = {isa = PBXBuildFile; fileRef = E48701472A5402430008014F /* Assets.xcassets */; };
		E487014B2A5402430008014F /* Preview Assets.xcassets in Resources */ = {isa = PBXBuildFile; fileRef = E487014A2A5402430008014F /* Preview Assets.xcassets */; };
		E4A1D2AA2A540657006140ED /* WelcomeView.swift in Sources */ = {isa = PBXBuildFile; fileRef = E4A1D2A92A540657006140ED /* WelcomeView.swift */; };
		E4A1D2AC2A54065E006140ED /* ExerciseView.swift in Sources */ = {isa = PBXBuildFile; fileRef = E4A1D2AB2A54065E006140ED /* ExerciseView.swift */; };
/* End PBXBuildFile section */

/* Begin PBXFileReference section */
		E481F9332A54768D00DC985A /* man.mp4 */ = {isa = PBXFileReference; lastKnownFileType = file; path = man.mp4; sourceTree = "<group>"; };
		E481F9342A54769300DC985A /* biceps.mp4 */ = {isa = PBXFileReference; lastKnownFileType = file; path = biceps.mp4; sourceTree = "<group>"; };
		E481F9352A54769600DC985A /* girl.mp4 */ = {isa = PBXFileReference; lastKnownFileType = file; path = girl.mp4; sourceTree = "<group>"; };
		E481F9362A54769A00DC985A /* twoBoys.mp4 */ = {isa = PBXFileReference; lastKnownFileType = file; path = twoBoys.mp4; sourceTree = "<group>"; };
		E481F93C2A547F1900DC985A /* HeaderView.swift */ = {isa = PBXFileReference; lastKnownFileType = sourcecode.swift; path = HeaderView.swift; sourceTree = "<group>"; };
		E48701402A5402420008014F /* FitnessMe.app */ = {isa = PBXFileReference; explicitFileType = wrapper.application; includeInIndex = 0; path = FitnessMe.app; sourceTree = BUILT_PRODUCTS_DIR; };
		E48701432A5402420008014F /* FitnessMeApp.swift */ = {isa = PBXFileReference; lastKnownFileType = sourcecode.swift; path = FitnessMeApp.swift; sourceTree = "<group>"; };
		E48701452A5402420008014F /* ContentView.swift */ = {isa = PBXFileReference; lastKnownFileType = sourcecode.swift; path = ContentView.swift; sourceTree = "<group>"; };
		E48701472A5402430008014F /* Assets.xcassets */ = {isa = PBXFileReference; lastKnownFileType = folder.assetcatalog; path = Assets.xcassets; sourceTree = "<group>"; };
		E487014A2A5402430008014F /* Preview Assets.xcassets */ = {isa = PBXFileReference; lastKnownFileType = folder.assetcatalog; path = "Preview Assets.xcassets"; sourceTree = "<group>"; };
		E4A1D2A92A540657006140ED /* WelcomeView.swift */ = {isa = PBXFileReference; lastKnownFileType = sourcecode.swift; path = WelcomeView.swift; sourceTree = "<group>"; };
		E4A1D2AB2A54065E006140ED /* ExerciseView.swift */ = {isa = PBXFileReference; lastKnownFileType = sourcecode.swift; path = ExerciseView.swift; sourceTree = "<group>"; };
/* End PBXFileReference section */

/* Begin PBXFrameworksBuildPhase section */
		E487013D2A5402420008014F /* Frameworks */ = {
			isa = PBXFrameworksBuildPhase;
			buildActionMask = 2147483647;
			files = (
			);
			runOnlyForDeploymentPostprocessing = 0;
		};
/* End PBXFrameworksBuildPhase section */

/* Begin PBXGroup section */
		E481F93B2A5476A700DC985A /* VideosGroup */ = {
			isa = PBXGroup;
			children = (
				E481F9342A54769300DC985A /* biceps.mp4 */,
				E481F9352A54769600DC985A /* girl.mp4 */,
				E481F9332A54768D00DC985A /* man.mp4 */,
				E481F9362A54769A00DC985A /* twoBoys.mp4 */,
			);
			path = VideosGroup;
			sourceTree = "<group>";
		};
		E48701372A5402420008014F = {
			isa = PBXGroup;
			children = (
				E48701422A5402420008014F /* FitnessMe */,
				E48701412A5402420008014F /* Products */,
			);
			sourceTree = "<group>";
		};
		E48701412A5402420008014F /* Products */ = {
			isa = PBXGroup;
			children = (
				E48701402A5402420008014F /* FitnessMe.app */,
			);
			name = Products;
			sourceTree = "<group>";
		};
		E48701422A5402420008014F /* FitnessMe */ = {
			isa = PBXGroup;
			children = (
				E48701432A5402420008014F /* FitnessMeApp.swift */,
				E4A1D2AD2A540670006140ED /* Views */,
				E48701472A5402430008014F /* Assets.xcassets */,
				E481F93B2A5476A700DC985A /* VideosGroup */,
				E48701492A5402430008014F /* Preview Content */,
			);
			path = FitnessMe;
			sourceTree = "<group>";
		};
		E48701492A5402430008014F /* Preview Content */ = {
			isa = PBXGroup;
			children = (
				E487014A2A5402430008014F /* Preview Assets.xcassets */,
			);
			path = "Preview Content";
			sourceTree = "<group>";
		};
		E4A1D2AD2A540670006140ED /* Views */ = {
			isa = PBXGroup;
			children = (
				E48701452A5402420008014F /* ContentView.swift */,
				E4A1D2A92A540657006140ED /* WelcomeView.swift */,
				E4A1D2AB2A54065E006140ED /* ExerciseView.swift */,
				E481F93C2A547F1900DC985A /* HeaderView.swift */,
			);
			path = Views;
			sourceTree = "<group>";
		};
/* End PBXGroup section */

/* Begin PBXNativeTarget section */
		E487013F2A5402420008014F /* FitnessMe */ = {
			isa = PBXNativeTarget;
			buildConfigurationList = E487014E2A5402430008014F /* Build configuration list for PBXNativeTarget "FitnessMe" */;
			buildPhases = (
				E487013C2A5402420008014F /* Sources */,
				E487013D2A5402420008014F /* Frameworks */,
				E487013E2A5402420008014F /* Resources */,
			);
			buildRules = (
			);
			dependencies = (
			);
			name = FitnessMe;
			productName = FitnessMe;
			productReference = E48701402A5402420008014F /* FitnessMe.app */;
			productType = "com.apple.product-type.application";
		};
/* End PBXNativeTarget section */

/* Begin PBXProject section */
		E48701382A5402420008014F /* Project object */ = {
			isa = PBXProject;
			attributes = {
				BuildIndependentTargetsInParallel = 1;
				LastSwiftUpdateCheck = 1400;
				LastUpgradeCheck = 1400;
				TargetAttributes = {
					E487013F2A5402420008014F = {
						CreatedOnToolsVersion = 14.0.1;
					};
				};
			};
			buildConfigurationList = E487013B2A5402420008014F /* Build configuration list for PBXProject "FitnessMe" */;
			compatibilityVersion = "Xcode 14.0";
			developmentRegion = en;
			hasScannedForEncodings = 0;
			knownRegions = (
				en,
				Base,
			);
			mainGroup = E48701372A5402420008014F;
			productRefGroup = E48701412A5402420008014F /* Products */;
			projectDirPath = "";
			projectRoot = "";
			targets = (
				E487013F2A5402420008014F /* FitnessMe */,
			);
		};
/* End PBXProject section */

/* Begin PBXResourcesBuildPhase section */
		E487013E2A5402420008014F /* Resources */ = {
			isa = PBXResourcesBuildPhase;
			buildActionMask = 2147483647;
			files = (
				E481F9372A54769A00DC985A /* man.mp4 in Resources */,
				E487014B2A5402430008014F /* Preview Assets.xcassets in Resources */,
				E48701482A5402430008014F /* Assets.xcassets in Resources */,
				E481F9392A54769A00DC985A /* girl.mp4 in Resources */,
				E481F9382A54769A00DC985A /* biceps.mp4 in Resources */,
				E481F93A2A54769A00DC985A /* twoBoys.mp4 in Resources */,
			);
			runOnlyForDeploymentPostprocessing = 0;
		};
/* End PBXResourcesBuildPhase section */

/* Begin PBXSourcesBuildPhase section */
		E487013C2A5402420008014F /* Sources */ = {
			isa = PBXSourcesBuildPhase;
			buildActionMask = 2147483647;
			files = (
				E481F93D2A547F1900DC985A /* HeaderView.swift in Sources */,
				E4A1D2AC2A54065E006140ED /* ExerciseView.swift in Sources */,
				E48701462A5402420008014F /* ContentView.swift in Sources */,
				E4A1D2AA2A540657006140ED /* WelcomeView.swift in Sources */,
				E48701442A5402420008014F /* FitnessMeApp.swift in Sources */,
			);
			runOnlyForDeploymentPostprocessing = 0;
		};
/* End PBXSourcesBuildPhase section */

/* Begin XCBuildConfiguration section */
		E487014C2A5402430008014F /* Debug */ = {
			isa = XCBuildConfiguration;
			buildSettings = {
				ALWAYS_SEARCH_USER_PATHS = NO;
				CLANG_ANALYZER_NONNULL = YES;
				CLANG_ANALYZER_NUMBER_OBJECT_CONVERSION = YES_AGGRESSIVE;
				CLANG_CXX_LANGUAGE_STANDARD = "gnu++20";
				CLANG_ENABLE_MODULES = YES;
				CLANG_ENABLE_OBJC_ARC = YES;
				CLANG_ENABLE_OBJC_WEAK = YES;
				CLANG_WARN_BLOCK_CAPTURE_AUTORELEASING = YES;
				CLANG_WARN_BOOL_CONVERSION = YES;
				CLANG_WARN_COMMA = YES;
				CLANG_WARN_CONSTANT_CONVERSION = YES;
				CLANG_WARN_DEPRECATED_OBJC_IMPLEMENTATIONS = YES;
				CLANG_WARN_DIRECT_OBJC_ISA_USAGE = YES_ERROR;
				CLANG_WARN_DOCUMENTATION_COMMENTS = YES;
				CLANG_WARN_EMPTY_BODY = YES;
				CLANG_WARN_ENUM_CONVERSION = YES;
				CLANG_WARN_INFINITE_RECURSION = YES;
				CLANG_WARN_INT_CONVERSION = YES;
				CLANG_WARN_NON_LITERAL_NULL_CONVERSION = YES;
				CLANG_WARN_OBJC_IMPLICIT_RETAIN_SELF = YES;
				CLANG_WARN_OBJC_LITERAL_CONVERSION = YES;
				CLANG_WARN_OBJC_ROOT_CLASS = YES_ERROR;
				CLANG_WARN_QUOTED_INCLUDE_IN_FRAMEWORK_HEADER = YES;
				CLANG_WARN_RANGE_LOOP_ANALYSIS = YES;
				CLANG_WARN_STRICT_PROTOTYPES = YES;
				CLANG_WARN_SUSPICIOUS_MOVE = YES;
				CLANG_WARN_UNGUARDED_AVAILABILITY = YES_AGGRESSIVE;
				CLANG_WARN_UNREACHABLE_CODE = YES;
				CLANG_WARN__DUPLICATE_METHOD_MATCH = YES;
				COPY_PHASE_STRIP = NO;
				DEBUG_INFORMATION_FORMAT = dwarf;
				ENABLE_STRICT_OBJC_MSGSEND = YES;
				ENABLE_TESTABILITY = YES;
				GCC_C_LANGUAGE_STANDARD = gnu11;
				GCC_DYNAMIC_NO_PIC = NO;
				GCC_NO_COMMON_BLOCKS = YES;
				GCC_OPTIMIZATION_LEVEL = 0;
				GCC_PREPROCESSOR_DEFINITIONS = (
					"DEBUG=1",
					"$(inherited)",
				);
				GCC_WARN_64_TO_32_BIT_CONVERSION = YES;
				GCC_WARN_ABOUT_RETURN_TYPE = YES_ERROR;
				GCC_WARN_UNDECLARED_SELECTOR = YES;
				GCC_WARN_UNINITIALIZED_AUTOS = YES_AGGRESSIVE;
				GCC_WARN_UNUSED_FUNCTION = YES;
				GCC_WARN_UNUSED_VARIABLE = YES;
				IPHONEOS_DEPLOYMENT_TARGET = 16.0;
				MTL_ENABLE_DEBUG_INFO = INCLUDE_SOURCE;
				MTL_FAST_MATH = YES;
				ONLY_ACTIVE_ARCH = YES;
				SDKROOT = iphoneos;
				SWIFT_ACTIVE_COMPILATION_CONDITIONS = DEBUG;
				SWIFT_OPTIMIZATION_LEVEL = "-Onone";
			};
			name = Debug;
		};
		E487014D2A5402430008014F /* Release */ = {
			isa = XCBuildConfiguration;
			buildSettings = {
				ALWAYS_SEARCH_USER_PATHS = NO;
				CLANG_ANALYZER_NONNULL = YES;
				CLANG_ANALYZER_NUMBER_OBJECT_CONVERSION = YES_AGGRESSIVE;
				CLANG_CXX_LANGUAGE_STANDARD = "gnu++20";
				CLANG_ENABLE_MODULES = YES;
				CLANG_ENABLE_OBJC_ARC = YES;
				CLANG_ENABLE_OBJC_WEAK = YES;
				CLANG_WARN_BLOCK_CAPTURE_AUTORELEASING = YES;
				CLANG_WARN_BOOL_CONVERSION = YES;
				CLANG_WARN_COMMA = YES;
				CLANG_WARN_CONSTANT_CONVERSION = YES;
				CLANG_WARN_DEPRECATED_OBJC_IMPLEMENTATIONS = YES;
				CLANG_WARN_DIRECT_OBJC_ISA_USAGE = YES_ERROR;
				CLANG_WARN_DOCUMENTATION_COMMENTS = YES;
				CLANG_WARN_EMPTY_BODY = YES;
				CLANG_WARN_ENUM_CONVERSION = YES;
				CLANG_WARN_INFINITE_RECURSION = YES;
				CLANG_WARN_INT_CONVERSION = YES;
				CLANG_WARN_NON_LITERAL_NULL_CONVERSION = YES;
				CLANG_WARN_OBJC_IMPLICIT_RETAIN_SELF = YES;
				CLANG_WARN_OBJC_LITERAL_CONVERSION = YES;
				CLANG_WARN_OBJC_ROOT_CLASS = YES_ERROR;
				CLANG_WARN_QUOTED_INCLUDE_IN_FRAMEWORK_HEADER = YES;
				CLANG_WARN_RANGE_LOOP_ANALYSIS = YES;
				CLANG_WARN_STRICT_PROTOTYPES = YES;
				CLANG_WARN_SUSPICIOUS_MOVE = YES;
				CLANG_WARN_UNGUARDED_AVAILABILITY = YES_AGGRESSIVE;
				CLANG_WARN_UNREACHABLE_CODE = YES;
				CLANG_WARN__DUPLICATE_METHOD_MATCH = YES;
				COPY_PHASE_STRIP = NO;
				DEBUG_INFORMATION_FORMAT = "dwarf-with-dsym";
				ENABLE_NS_ASSERTIONS = NO;
				ENABLE_STRICT_OBJC_MSGSEND = YES;
				GCC_C_LANGUAGE_STANDARD = gnu11;
				GCC_NO_COMMON_BLOCKS = YES;
				GCC_WARN_64_TO_32_BIT_CONVERSION = YES;
				GCC_WARN_ABOUT_RETURN_TYPE = YES_ERROR;
				GCC_WARN_UNDECLARED_SELECTOR = YES;
				GCC_WARN_UNINITIALIZED_AUTOS = YES_AGGRESSIVE;
				GCC_WARN_UNUSED_FUNCTION = YES;
				GCC_WARN_UNUSED_VARIABLE = YES;
				IPHONEOS_DEPLOYMENT_TARGET = 16.0;
				MTL_ENABLE_DEBUG_INFO = NO;
				MTL_FAST_MATH = YES;
				SDKROOT = iphoneos;
				SWIFT_COMPILATION_MODE = wholemodule;
				SWIFT_OPTIMIZATION_LEVEL = "-O";
				VALIDATE_PRODUCT = YES;
			};
			name = Release;
		};
		E487014F2A5402430008014F /* Debug */ = {
			isa = XCBuildConfiguration;
			buildSettings = {
				ASSETCATALOG_COMPILER_APPICON_NAME = AppIcon;
				ASSETCATALOG_COMPILER_GLOBAL_ACCENT_COLOR_NAME = AccentColor;
				CODE_SIGN_STYLE = Automatic;
				CURRENT_PROJECT_VERSION = 1;
				DEVELOPMENT_ASSET_PATHS = "\"FitnessMe/Preview Content\"";
				DEVELOPMENT_TEAM = DJUMY8R2M9;
				ENABLE_PREVIEWS = YES;
				GENERATE_INFOPLIST_FILE = YES;
				INFOPLIST_KEY_UIApplicationSceneManifest_Generation = YES;
				INFOPLIST_KEY_UIApplicationSupportsIndirectInputEvents = YES;
				INFOPLIST_KEY_UILaunchScreen_Generation = YES;
				INFOPLIST_KEY_UISupportedInterfaceOrientations_iPad = "UIInterfaceOrientationPortrait UIInterfaceOrientationPortraitUpsideDown UIInterfaceOrientationLandscapeLeft UIInterfaceOrientationLandscapeRight";
				INFOPLIST_KEY_UISupportedInterfaceOrientations_iPhone = "UIInterfaceOrientationPortrait UIInterfaceOrientationLandscapeLeft UIInterfaceOrientationLandscapeRight";
				LD_RUNPATH_SEARCH_PATHS = (
					"$(inherited)",
					"@executable_path/Frameworks",
				);
				MARKETING_VERSION = 1.0;
				PRODUCT_BUNDLE_IDENTIFIER = com.twixour.FitnessMe;
				PRODUCT_NAME = "$(TARGET_NAME)";
				SWIFT_EMIT_LOC_STRINGS = YES;
				SWIFT_VERSION = 5.0;
				TARGETED_DEVICE_FAMILY = "1,2";
			};
			name = Debug;
		};
		E48701502A5402430008014F /* Release */ = {
			isa = XCBuildConfiguration;
			buildSettings = {
				ASSETCATALOG_COMPILER_APPICON_NAME = AppIcon;
				ASSETCATALOG_COMPILER_GLOBAL_ACCENT_COLOR_NAME = AccentColor;
				CODE_SIGN_STYLE = Automatic;
				CURRENT_PROJECT_VERSION = 1;
				DEVELOPMENT_ASSET_PATHS = "\"FitnessMe/Preview Content\"";
				DEVELOPMENT_TEAM = DJUMY8R2M9;
				ENABLE_PREVIEWS = YES;
				GENERATE_INFOPLIST_FILE = YES;
				INFOPLIST_KEY_UIApplicationSceneManifest_Generation = YES;
				INFOPLIST_KEY_UIApplicationSupportsIndirectInputEvents = YES;
				INFOPLIST_KEY_UILaunchScreen_Generation = YES;
				INFOPLIST_KEY_UISupportedInterfaceOrientations_iPad = "UIInterfaceOrientationPortrait UIInterfaceOrientationPortraitUpsideDown UIInterfaceOrientationLandscapeLeft UIInterfaceOrientationLandscapeRight";
				INFOPLIST_KEY_UISupportedInterfaceOrientations_iPhone = "UIInterfaceOrientationPortrait UIInterfaceOrientationLandscapeLeft UIInterfaceOrientationLandscapeRight";
				LD_RUNPATH_SEARCH_PATHS = (
					"$(inherited)",
					"@executable_path/Frameworks",
				);
				MARKETING_VERSION = 1.0;
				PRODUCT_BUNDLE_IDENTIFIER = com.twixour.FitnessMe;
				PRODUCT_NAME = "$(TARGET_NAME)";
				SWIFT_EMIT_LOC_STRINGS = YES;
				SWIFT_VERSION = 5.0;
				TARGETED_DEVICE_FAMILY = "1,2";
			};
			name = Release;
		};
/* End XCBuildConfiguration section */

/* Begin XCConfigurationList section */
		E487013B2A5402420008014F /* Build configuration list for PBXProject "FitnessMe" */ = {
			isa = XCConfigurationList;
			buildConfigurations = (
				E487014C2A5402430008014F /* Debug */,
				E487014D2A5402430008014F /* Release */,
			);
			defaultConfigurationIsVisible = 0;
			defaultConfigurationName = Release;
		};
		E487014E2A5402430008014F /* Build configuration list for PBXNativeTarget "FitnessMe" */ = {
			isa = XCConfigurationList;
			buildConfigurations = (
				E487014F2A5402430008014F /* Debug */,
				E48701502A5402430008014F /* Release */,
			);
			defaultConfigurationIsVisible = 0;
			defaultConfigurationName = Release;
		};
/* End XCConfigurationList section */
	};
	rootObject = E48701382A5402420008014F /* Project object */;
}
